
Microsoft Visual Studio Solution File, Format Version 12.00
# Visual Studio Version 17
VisualStudioVersion = 17.7.34003.232
MinimumVisualStudioVersion = 10.0.40219.1
Project("{8BC9CEB8-8B4A-11D0-8D11-00A0C91BC942}") = "rpi_proj1", "rpi_proj1\rpi_proj1.vcxproj", "{3099FB35-CD0B-418A-A9A4-98B6C1ED00AE}"
EndProject
Global
	GlobalSection(SolutionConfigurationPlatforms) = preSolution
		Debug|ARM = Debug|ARM
		Debug|ARM64 = Debug|ARM64
		Debug|x64 = Debug|x64
		Debug|x86 = Debug|x86
		Release|ARM = Release|ARM
		Release|ARM64 = Release|ARM64
		Release|x64 = Release|x64
		Release|x86 = Release|x86
	EndGlobalSection
	GlobalSection(ProjectConfigurationPlatforms) = postSolution
		{3099FB35-CD0B-418A-A9A4-98B6C1ED00AE}.Debug|ARM.ActiveCfg = Debug|ARM
		{3099FB35-CD0B-418A-A9A4-98B6C1ED00AE}.Debug|ARM.Build.0 = Debug|ARM
		{3099FB35-CD0B-418A-A9A4-98B6C1ED00AE}.Debug|ARM.Deploy.0 = Debug|ARM
		{3099FB35-CD0B-418A-A9A4-98B6C1ED00AE}.Debug|ARM64.ActiveCfg = Debug|ARM64
		{3099FB35-CD0B-418A-A9A4-98B6C1ED00AE}.Debug|ARM64.Build.0 = Debug|ARM64
		{3099FB35-CD0B-418A-A9A4-98B6C1ED00AE}.Debug|ARM64.Deploy.0 = Debug|ARM64
		{3099FB35-CD0B-418A-A9A4-98B6C1ED00AE}.Debug|x64.ActiveCfg = Debug|x64
		{3099FB35-CD0B-418A-A9A4-98B6C1ED00AE}.Debug|x64.Build.0 = Debug|x64
		{3099FB35-CD0B-418A-A9A4-98B6C1ED00AE}.Debug|x64.Deploy.0 = Debug|x64
		{3099FB35-CD0B-418A-A9A4-98B6C1ED00AE}.Debug|x86.ActiveCfg = Debug|x86
		{3099FB35-CD0B-418A-A9A4-98B6C1ED00AE}.Debug|x86.Build.0 = Debug|x86
		{3099FB35-CD0B-418A-A9A4-98B6C1ED00AE}.Debug|x86.Deploy.0 = Debug|x86
		{3099FB35-CD0B-418A-A9A4-98B6C1ED00AE}.Release|ARM.ActiveCfg = Release|ARM
		{3099FB35-CD0B-418A-A9A4-98B6C1ED00AE}.Release|ARM.Build.0 = Release|ARM
		{3099FB35-CD0B-418A-A9A4-98B6C1ED00AE}.Release|ARM.Deploy.0 = Release|ARM
		{3099FB35-CD0B-418A-A9A4-98B6C1ED00AE}.Release|ARM64.ActiveCfg = Release|ARM64
		{3099FB35-CD0B-418A-A9A4-98B6C1ED00AE}.Release|ARM64.Build.0 = Release|ARM64
		{3099FB35-CD0B-418A-A9A4-98B6C1ED00AE}.Release|ARM64.Deploy.0 = Release|ARM64
		{3099FB35-CD0B-418A-A9A4-98B6C1ED00AE}.Release|x64.ActiveCfg = Release|x64
		{3099FB35-CD0B-418A-A9A4-98B6C1ED00AE}.Release|x64.Build.0 = Release|x64
		{3099FB35-CD0B-418A-A9A4-98B6C1ED00AE}.Release|x64.Deploy.0 = Release|x64
		{3099FB35-CD0B-418A-A9A4-98B6C1ED00AE}.Release|x86.ActiveCfg = Release|x86
		{3099FB35-CD0B-418A-A9A4-98B6C1ED00AE}.Release|x86.Build.0 = Release|x86
		{3099FB35-CD0B-418A-A9A4-98B6C1ED00AE}.Release|x86.Deploy.0 = Release|x86
	EndGlobalSection
	GlobalSection(SolutionProperties) = preSolution
		HideSolutionNode = FALSE
	EndGlobalSection
	GlobalSection(ExtensibilityGlobals) = postSolution
		SolutionGuid = {96B5FEEB-D0B8-460D-833A-5C200C45FDB5}
	EndGlobalSection
EndGlobal
